
Microsoft Visual Studio Solution File, Format Version 12.00
# Visual Studio 15
VisualStudioVersion = 15.0.28307.489
MinimumVisualStudioVersion = 10.0.40219.1
Project("{FAE04EC0-301F-11D3-BF4B-00C04F79EFBC}") = "Таблица", "Таблица\Таблица.csproj", "{DB36F63E-0301-4714-84B9-2106E32621F6}"
EndProject
Global
	GlobalSection(SolutionConfigurationPlatforms) = preSolution
		Debug|Any CPU = Debug|Any CPU
		Release|Any CPU = Release|Any CPU
	EndGlobalSection
	GlobalSection(ProjectConfigurationPlatforms) = postSolution
		{DB36F63E-0301-4714-84B9-2106E32621F6}.Debug|Any CPU.ActiveCfg = Debug|Any CPU
		{DB36F63E-0301-4714-84B9-2106E32621F6}.Debug|Any CPU.Build.0 = Debug|Any CPU
		{DB36F63E-0301-4714-84B9-2106E32621F6}.Release|Any CPU.ActiveCfg = Release|Any CPU
		{DB36F63E-0301-4714-84B9-2106E32621F6}.Release|Any CPU.Build.0 = Release|Any CPU
	EndGlobalSection
	GlobalSection(SolutionProperties) = preSolution
		HideSolutionNode = FALSE
	EndGlobalSection
	GlobalSection(ExtensibilityGlobals) = postSolution
		SolutionGuid = {CEA8EEF1-DDF6-4CCA-9A0A-2DB7ED3FDEEC}
	EndGlobalSection
EndGlobal
